
Microsoft Visual Studio Solution File, Format Version 12.00
# Visual Studio Version 17
VisualStudioVersion = 17.9.34622.214
MinimumVisualStudioVersion = 10.0.40219.1
Project("{FAE04EC0-301F-11D3-BF4B-00C04F79EFBC}") = "MyBook", "MyBook.csproj", "{A44B7267-4410-4BE4-9317-298768F3BEB6}"
EndProject
Global
	GlobalSection(SolutionConfigurationPlatforms) = preSolution
		Debug|Any CPU = Debug|Any CPU
		Release|Any CPU = Release|Any CPU
	EndGlobalSection
	GlobalSection(ProjectConfigurationPlatforms) = postSolution
		{A44B7267-4410-4BE4-9317-298768F3BEB6}.Debug|Any CPU.ActiveCfg = Debug|Any CPU
		{A44B7267-4410-4BE4-9317-298768F3BEB6}.Debug|Any CPU.Build.0 = Debug|Any CPU
		{A44B7267-4410-4BE4-9317-298768F3BEB6}.Release|Any CPU.ActiveCfg = Release|Any CPU
		{A44B7267-4410-4BE4-9317-298768F3BEB6}.Release|Any CPU.Build.0 = Release|Any CPU
	EndGlobalSection
	GlobalSection(SolutionProperties) = preSolution
		HideSolutionNode = FALSE
	EndGlobalSection
	GlobalSection(ExtensibilityGlobals) = postSolution
		SolutionGuid = {126BE537-C4DF-44A4-8BE7-2E19E6C527D4}
	EndGlobalSection
EndGlobal
